aiodns==4.0.4
aiohappyeyeballs==2.6.1
aiohttp==3.13.3
aiosignal==1.4.0
akshare==1.18.64
altair==6.1.0
annotated-doc==0.0.4
annotated-types==0.7.0
anyio==4.12.1
anywidget==0.11.0
appdirs==1.4.4
appnope==0.1.4
APScheduler==3.11.2
argon2-cffi==25.1.0
argon2-cffi-bindings==25.1.0
arrow==1.4.0
ast_serialize==0.5.0
asttokens==3.0.1
async-lru==2.3.0
attrs==25.4.0
av==17.0.1
azure-core==1.38.1
azure-identity==1.25.2
azure-storage-blob==12.28.0
babel==2.18.0
backoff==2.2.1
backtrader==1.9.78.123
bcrypt==5.0.0
beautifulsoup4==4.14.3
bleach==6.3.0
blinker==1.9.0
bokeh==3.9.0
boto3==1.40.76
botocore==1.40.76
Brotli==1.1.0
browser-cookie3==0.20.1
bs4==0.0.2
bt==1.2.0
cachetools==7.1.4
ccxt==4.5.54
certifi==2026.1.4
cffi==2.0.0
charset-normalizer==3.4.4
click==8.3.1
cloup==3.0.9
coincurve==21.0.0
colorama==0.4.6
colorcet==3.2.1
comm==0.2.3
contourpy==1.3.3
coverage==7.14.0
croniter==6.0.0
cryptography==46.0.5
ctranslate2==4.7.1
curl_cffi==0.15.0
cycler==0.12.1
Cython==3.2.4
dateparser==1.4.0
deap==1.4.4
debugpy==1.8.20
decorator==5.3.1
defusedxml==0.7.1
dill==0.4.1
distro==1.9.0
dnspython==2.8.0
efinance==0.5.8
email-validator==2.3.0
et_xmlfile==2.0.0
executing==2.2.1
fastapi==0.129.0
fastapi-sso==0.16.0
faster-whisper==1.2.1
fastjsonschema==2.21.2
fastuuid==0.14.0
ffmpeg-python==0.2.0
ffn==1.1.5
filelock==3.23.0
flatbuffers==25.12.19
fonttools==4.63.0
fqdn==1.5.1
frozenlist==1.8.0
fsspec==2026.2.0
future==1.0.0
gitdb==4.0.12
GitPython==3.1.44
glcontext==3.0.0
greenlet==3.5.1
gunicorn==23.0.0
h11==0.16.0
hf-xet==1.4.3
holoviews==1.22.1
html5lib==1.1
httpcore==1.0.9
httptools==0.7.1
httpx==0.28.1
httpx-sse==0.4.3
huggingface_hub==1.13.0
idna==3.11
imageio==2.36.1
imageio-ffmpeg==0.6.0
importlib_metadata==8.7.1
iniconfig==2.3.0
ipykernel==7.2.0
ipython==9.13.0
ipython_pygments_lexers==1.1.1
ipywidgets==8.1.8
isodate==0.7.2
isoduration==20.11.0
isosurfaces==0.1.2
itsdangerous==2.2.0
jaraco.classes==3.4.0
jaraco.context==6.1.2
jaraco.functools==4.6.0
jedi==0.20.0
Jinja2==3.1.6
jiter==0.13.0
jmespath==1.1.0
joblib==1.5.3
Js2Py==0.74
json5==0.14.0
jsonpath==0.82.2
jsonpointer==3.1.1
jsonschema==4.26.0
jsonschema-specifications==2025.9.1
jupyter==1.1.1
jupyter-console==6.6.3
jupyter-events==0.12.1
jupyter-lsp==2.3.1
jupyter_client==8.8.0
jupyter_core==5.9.1
jupyter_server==2.18.2
jupyter_server_terminals==0.5.4
jupyterlab==4.5.7
jupyterlab_pygments==0.3.0
jupyterlab_server==2.28.0
jupyterlab_widgets==3.0.16
jupytext==1.19.3
keyring==25.7.0
kiwisolver==1.5.0
lark==1.3.1
lark-oapi==1.7.1
librt==0.11.0
linkify-it-py==2.1.0
litellm==1.81.11
litellm-enterprise==0.1.31
litellm-proxy-extras==0.4.35
llvmlite==0.46.0
loguru==0.7.3
lxml==6.1.1
lz4==4.4.5
manim==0.20.1
ManimPango==0.6.1
mapbox_earcut==2.0.0
Markdown==3.10.2
markdown-it-py==4.0.0
MarkupSafe==3.0.3
matplotlib==3.10.9
matplotlib-inline==0.2.2
mcp==1.26.0
mcp-server-git==2025.1.14
mdit-py-plugins==0.6.1
mdurl==0.1.2
mini-racer==0.14.1
mistune==3.2.1
mlx==0.31.2
mlx-metal==0.31.2
mlx-whisper==0.4.3
moderngl==5.12.0
moderngl-window==3.1.1
moocore==0.3.1
more-itertools==10.8.0
moviepy==1.0.3
mpmath==1.3.0
msal==1.34.0
msal-extensions==1.3.1
multidict==6.7.1
multitasking==0.0.13
mutagen==1.47.0
mypy==2.1.0
mypy_extensions==1.1.0
narwhals==2.21.2
nbclient==0.10.4
nbconvert==7.17.1
nbformat==5.10.4
nest-asyncio==1.6.0
networkx==3.6.1
nh3==0.3.5
notebook==7.5.6
notebook_shim==0.2.4
numba==0.64.0
numpy==2.2.4
oauthlib==3.3.1
onnxruntime==1.25.1
openai==2.21.0
openai-whisper==20250625
openpyxl==3.1.5
orjson==3.11.7
packaging==26.0
pandas==2.3.3
pandocfilters==1.5.1
panel==1.9.0
panel-material-ui==0.11.1
param==2.4.0
parso==0.8.7
patchright==1.60.1
pathspec==1.1.1
patsy==1.0.2
peewee==4.0.6
pexpect==4.9.0
pillow==11.1.0
platformdirs==4.9.6
playwright==1.61.0
plotext==5.3.2
plotly==6.7.0
pluggy==1.6.0
polars==1.38.1
polars-runtime-32==1.38.1
proglog==0.1.10
prometheus_client==0.25.0
prompt_toolkit==3.0.52
propcache==0.4.1
protobuf==7.34.1
psutil==7.2.2
psygnal==0.15.1
ptyprocess==0.7.0
pure_eval==0.2.3
py==1.11.0
pyarrow==24.0.0
pycairo==1.29.0
pycares==5.0.1
pycparser==3.0
pycryptodome==3.23.0
pycryptodomex==3.21.0
pydantic==2.12.5
pydantic-settings==2.12.0
pydantic_core==2.41.5
pydeck==0.9.2
pydub==0.25.1
pyee==13.0.1
pyglet==2.1.14
pyglm==2.8.3
Pygments==2.19.2
pyjsparser==2.7.1
PyJWT==2.11.0
PyNaCl==1.6.2
pyobjc-core==12.1
pyobjc-framework-Cocoa==12.1
pyparsing==3.3.2
PyPrind==2.11.3
pyqtgraph==0.14.0
pytest==9.0.2
pytest-cov==7.1.0
pytest-mock==3.15.1
python-dateutil==2.9.0.post0
python-dotenv==1.2.1
python-json-logger==4.1.0
python-multipart==0.0.22
pytz==2025.2
pyviz_comms==3.0.6
PyYAML==6.0.3
pyzmq==27.1.0
qrcode==8.2
# Editable install with no version control (quant-trading==0.1.0)
redis==7.1.1
referencing==0.37.0
regex==2026.1.15
requests==2.32.5
requests-toolbelt==1.0.0
retry==0.9.2
rfc3339-validator==0.1.4
rfc3986-validator==0.1.1
rfc3987-syntax==1.1.0
rich==15.0.0
rpds-py==0.30.0
rq==2.6.1
# Editable install with no version control (rstool==0.1.0)
ruff==0.15.20
s3transfer==0.14.0
schedule==1.2.2
scikit-learn==1.8.0
scipy==1.17.1
screeninfo==0.8.1
seaborn==0.13.2
Send2Trash==2.1.0
setuptools==82.0.0
shellingham==1.5.4
simplejson==4.1.1
six==1.17.0
skia-pathops==0.9.2
# Editable install with no version control (sltp-analyzer==0.1.0)
smmap==5.0.2
sniffio==1.3.1
sounddevice==0.5.5
soundfile==0.12.1
soupsieve==2.8.3
srt==3.5.3
sse-starlette==3.2.0
stack-data==0.6.3
starlette==0.52.1
statsmodels==0.14.6
streamlit==1.57.0
svgelements==1.9.6
sympy==1.14.0
tabulate==0.10.0
tenacity==9.1.4
terminado==0.18.1
textual==8.2.7
threadpoolctl==3.6.0
tiktoken==0.12.0
tinycss2==1.4.0
tk==0.1.0
tokenizers==0.22.2
toml==0.10.2
tomli_w==1.2.0
torch==2.10.0
tornado==6.5.5
tqdm==4.67.3
traitlets==5.15.0
tushare==1.4.29
typer==0.23.1
typer-slim==0.23.1
typing-inspection==0.4.2
typing_extensions==4.15.0
tzdata==2026.2
tzlocal==5.3.1
uc-micro-py==2.0.0
uri-template==1.3.0
urllib3==2.6.3
uvicorn==0.31.1
uvloop==0.21.0
vectorbt==1.0.0
watchdog==6.0.0
wcwidth==0.7.0
webcolors==25.10.0
webencodings==0.5.1
webrtcvad==2.0.10
websocket-client==1.9.0
websockets==15.0.1
widgetsnbextension==4.0.15
xlrd==2.0.2
xyzservices==2026.3.0
yarl==1.22.0
yfinance==1.4.1
youtube-dl==2021.12.17
youtube-transcript-api==1.2.4
yt-dlp==2026.6.9
zhconv==1.4.3
zipp==3.23.0
